
Microsoft Visual Studio Solution File, Format Version 12.00
# Visual Studio Version 17
VisualStudioVersion = 17.0.31903.59
MinimumVisualStudioVersion = 10.0.40219.1
Project("{FAE04EC0-301F-11D3-BF4B-00C04F79EFBC}") = "SimpleForms.Web", "SimpleForms.Web\SimpleForms.Web.csproj", "{57F21A13-5620-4AE2-8A1A-20BEBC1BA884}"
EndProject
Global
	GlobalSection(SolutionConfigurationPlatforms) = preSolution
		Debug|Any CPU = Debug|Any CPU
		Release|Any CPU = Release|Any CPU
	EndGlobalSection
	GlobalSection(SolutionProperties) = preSolution
		HideSolutionNode = FALSE
	EndGlobalSection
	GlobalSection(ProjectConfigurationPlatforms) = postSolution
		{57F21A13-5620-4AE2-8A1A-20BEBC1BA884}.Debug|Any CPU.ActiveCfg = Debug|Any CPU
		{57F21A13-5620-4AE2-8A1A-20BEBC1BA884}.Debug|Any CPU.Build.0 = Debug|Any CPU
		{57F21A13-5620-4AE2-8A1A-20BEBC1BA884}.Release|Any CPU.ActiveCfg = Release|Any CPU
		{57F21A13-5620-4AE2-8A1A-20BEBC1BA884}.Release|Any CPU.Build.0 = Release|Any CPU
	EndGlobalSection
EndGlobal
